
Microsoft Visual Studio Solution File, Format Version 12.00
# Visual Studio Version 16
VisualStudioVersion = 16.0.29503.13
MinimumVisualStudioVersion = 10.0.40219.1
Project("{FAE04EC0-301F-11D3-BF4B-00C04F79EFBC}") = "SeleniumJSwaitDemo", "SeleniumJSwaitDemo\SeleniumJSwaitDemo.csproj", "{2FF5D1B8-3C50-45EC-8036-03BA98D70B5B}"
EndProject
Global
	GlobalSection(SolutionConfigurationPlatforms) = preSolution
		Debug|Any CPU = Debug|Any CPU
		Release|Any CPU = Release|Any CPU
	EndGlobalSection
	GlobalSection(ProjectConfigurationPlatforms) = postSolution
		{2FF5D1B8-3C50-45EC-8036-03BA98D70B5B}.Debug|Any CPU.ActiveCfg = Debug|Any CPU
		{2FF5D1B8-3C50-45EC-8036-03BA98D70B5B}.Debug|Any CPU.Build.0 = Debug|Any CPU
		{2FF5D1B8-3C50-45EC-8036-03BA98D70B5B}.Release|Any CPU.ActiveCfg = Release|Any CPU
		{2FF5D1B8-3C50-45EC-8036-03BA98D70B5B}.Release|Any CPU.Build.0 = Release|Any CPU
	EndGlobalSection
	GlobalSection(SolutionProperties) = preSolution
		HideSolutionNode = FALSE
	EndGlobalSection
	GlobalSection(ExtensibilityGlobals) = postSolution
		SolutionGuid = {CD571D44-8C36-47A7-9D7A-41FC4C95825E}
	EndGlobalSection
EndGlobal
